
Microsoft Visual Studio Solution File, Format Version 12.00
Project("{FAE04EC0-301F-11D3-BF4B-00C04F79EFBC}") = "AnySoftBackend", "AnySoftBackend\AnySoftBackend.csproj", "{4F188395-4906-4711-B756-D4A4543A2747}"
EndProject
Project("{FAE04EC0-301F-11D3-BF4B-00C04F79EFBC}") = "AnySoftBackend.Tests", "AnySoftBackend.Tests\AnySoftBackend.Tests.csproj", "{1D44EE9B-0677-444D-9668-A526D976690B}"
EndProject
Project("{FAE04EC0-301F-11D3-BF4B-00C04F79EFBC}") = "AnySoftBackend.Domain", "AnySoftBackend.Domain\AnySoftBackend.Domain.csproj", "{EBCF1F4B-B515-490E-847F-3EEF217280D7}"
EndProject
Project("{FAE04EC0-301F-11D3-BF4B-00C04F79EFBC}") = "AnySoftBackend.Library", "AnySoftBackend.Library\AnySoftBackend.Library.csproj", "{832FDA78-8845-4643-BCE6-E921DC56AB5F}"
EndProject
Global
	GlobalSection(SolutionConfigurationPlatforms) = preSolution
		Debug|Any CPU = Debug|Any CPU
		Release|Any CPU = Release|Any CPU
	EndGlobalSection
	GlobalSection(ProjectConfigurationPlatforms) = postSolution
		{4F188395-4906-4711-B756-D4A4543A2747}.Debug|Any CPU.ActiveCfg = Debug|Any CPU
		{4F188395-4906-4711-B756-D4A4543A2747}.Debug|Any CPU.Build.0 = Debug|Any CPU
		{4F188395-4906-4711-B756-D4A4543A2747}.Release|Any CPU.ActiveCfg = Release|Any CPU
		{4F188395-4906-4711-B756-D4A4543A2747}.Release|Any CPU.Build.0 = Release|Any CPU
		{1D44EE9B-0677-444D-9668-A526D976690B}.Debug|Any CPU.ActiveCfg = Debug|Any CPU
		{1D44EE9B-0677-444D-9668-A526D976690B}.Debug|Any CPU.Build.0 = Debug|Any CPU
		{1D44EE9B-0677-444D-9668-A526D976690B}.Release|Any CPU.ActiveCfg = Release|Any CPU
		{1D44EE9B-0677-444D-9668-A526D976690B}.Release|Any CPU.Build.0 = Release|Any CPU
		{EBCF1F4B-B515-490E-847F-3EEF217280D7}.Debug|Any CPU.ActiveCfg = Debug|Any CPU
		{EBCF1F4B-B515-490E-847F-3EEF217280D7}.Debug|Any CPU.Build.0 = Debug|Any CPU
		{EBCF1F4B-B515-490E-847F-3EEF217280D7}.Release|Any CPU.ActiveCfg = Release|Any CPU
		{EBCF1F4B-B515-490E-847F-3EEF217280D7}.Release|Any CPU.Build.0 = Release|Any CPU
		{832FDA78-8845-4643-BCE6-E921DC56AB5F}.Debug|Any CPU.ActiveCfg = Debug|Any CPU
		{832FDA78-8845-4643-BCE6-E921DC56AB5F}.Debug|Any CPU.Build.0 = Debug|Any CPU
		{832FDA78-8845-4643-BCE6-E921DC56AB5F}.Release|Any CPU.ActiveCfg = Release|Any CPU
		{832FDA78-8845-4643-BCE6-E921DC56AB5F}.Release|Any CPU.Build.0 = Release|Any CPU
	EndGlobalSection
EndGlobal
