
Microsoft Visual Studio Solution File, Format Version 12.00
Project("{FAE04EC0-301F-11D3-BF4B-00C04F79EFBC}") = "RPM_Project_Backend", "RPM_Project_Backend\RPM_Project_Backend.csproj", "{4F188395-4906-4711-B756-D4A4543A2747}"
EndProject
Project("{FAE04EC0-301F-11D3-BF4B-00C04F79EFBC}") = "RPM_PR_LIB", "..\RPM_Project_Library\RPM_PR_LIB\RPM_PR_LIB.csproj", "{18F80409-EDC2-4A15-A744-23E6B75A66C5}"
EndProject
Global
	GlobalSection(SolutionConfigurationPlatforms) = preSolution
		Debug|Any CPU = Debug|Any CPU
		Release|Any CPU = Release|Any CPU
	EndGlobalSection
	GlobalSection(ProjectConfigurationPlatforms) = postSolution
		{4F188395-4906-4711-B756-D4A4543A2747}.Debug|Any CPU.ActiveCfg = Debug|Any CPU
		{4F188395-4906-4711-B756-D4A4543A2747}.Debug|Any CPU.Build.0 = Debug|Any CPU
		{4F188395-4906-4711-B756-D4A4543A2747}.Release|Any CPU.ActiveCfg = Release|Any CPU
		{4F188395-4906-4711-B756-D4A4543A2747}.Release|Any CPU.Build.0 = Release|Any CPU
		{18F80409-EDC2-4A15-A744-23E6B75A66C5}.Debug|Any CPU.ActiveCfg = Debug|Any CPU
		{18F80409-EDC2-4A15-A744-23E6B75A66C5}.Debug|Any CPU.Build.0 = Debug|Any CPU
		{18F80409-EDC2-4A15-A744-23E6B75A66C5}.Release|Any CPU.ActiveCfg = Release|Any CPU
		{18F80409-EDC2-4A15-A744-23E6B75A66C5}.Release|Any CPU.Build.0 = Release|Any CPU
	EndGlobalSection
EndGlobal
